
Microsoft Visual Studio Solution File, Format Version 12.00
# Visual Studio Version 16
VisualStudioVersion = 16.0.30503.244
MinimumVisualStudioVersion = 10.0.40219.1
Project("{FAE04EC0-301F-11D3-BF4B-00C04F79EFBC}") = "BlazorSignalRApp.Server", "Server\BlazorSignalRApp.Server.csproj", "{3380036E-5A86-49FE-A31B-C6FA352A32AA}"
EndProject
Project("{FAE04EC0-301F-11D3-BF4B-00C04F79EFBC}") = "BlazorSignalRApp.Client", "Client\BlazorSignalRApp.Client.csproj", "{86A4C90B-0933-45BD-97CB-9C28635796D2}"
EndProject
Project("{FAE04EC0-301F-11D3-BF4B-00C04F79EFBC}") = "BlazorSignalRApp.Shared", "Shared\BlazorSignalRApp.Shared.csproj", "{A68E6BD0-8DB7-4ECF-AF22-8073EEF839E0}"
EndProject
Global
	GlobalSection(SolutionConfigurationPlatforms) = preSolution
		Debug|Any CPU = Debug|Any CPU
		Release|Any CPU = Release|Any CPU
	EndGlobalSection
	GlobalSection(ProjectConfigurationPlatforms) = postSolution
		{3380036E-5A86-49FE-A31B-C6FA352A32AA}.Debug|Any CPU.ActiveCfg = Debug|Any CPU
		{3380036E-5A86-49FE-A31B-C6FA352A32AA}.Debug|Any CPU.Build.0 = Debug|Any CPU
		{3380036E-5A86-49FE-A31B-C6FA352A32AA}.Release|Any CPU.ActiveCfg = Release|Any CPU
		{3380036E-5A86-49FE-A31B-C6FA352A32AA}.Release|Any CPU.Build.0 = Release|Any CPU
		{86A4C90B-0933-45BD-97CB-9C28635796D2}.Debug|Any CPU.ActiveCfg = Debug|Any CPU
		{86A4C90B-0933-45BD-97CB-9C28635796D2}.Debug|Any CPU.Build.0 = Debug|Any CPU
		{86A4C90B-0933-45BD-97CB-9C28635796D2}.Release|Any CPU.ActiveCfg = Release|Any CPU
		{86A4C90B-0933-45BD-97CB-9C28635796D2}.Release|Any CPU.Build.0 = Release|Any CPU
		{A68E6BD0-8DB7-4ECF-AF22-8073EEF839E0}.Debug|Any CPU.ActiveCfg = Debug|Any CPU
		{A68E6BD0-8DB7-4ECF-AF22-8073EEF839E0}.Debug|Any CPU.Build.0 = Debug|Any CPU
		{A68E6BD0-8DB7-4ECF-AF22-8073EEF839E0}.Release|Any CPU.ActiveCfg = Release|Any CPU
		{A68E6BD0-8DB7-4ECF-AF22-8073EEF839E0}.Release|Any CPU.Build.0 = Release|Any CPU
	EndGlobalSection
	GlobalSection(SolutionProperties) = preSolution
		HideSolutionNode = FALSE
	EndGlobalSection
	GlobalSection(ExtensibilityGlobals) = postSolution
		SolutionGuid = {AE76BD17-06FB-4158-A67B-596EAAC5089C}
	EndGlobalSection
EndGlobal
